
Microsoft Visual Studio Solution File, Format Version 12.00
# Visual Studio Version 17
VisualStudioVersion = 17.9.34728.123
MinimumVisualStudioVersion = 10.0.40219.1
Project("{FAE04EC0-301F-11D3-BF4B-00C04F79EFBC}") = "saklaso 2", "saklaso 2\saklaso 2.csproj", "{7DDA9955-43B1-4036-A682-A8C70FF9DFA8}"
EndProject
Global
	GlobalSection(SolutionConfigurationPlatforms) = preSolution
		Debug|Any CPU = Debug|Any CPU
		Release|Any CPU = Release|Any CPU
	EndGlobalSection
	GlobalSection(ProjectConfigurationPlatforms) = postSolution
		{7DDA9955-43B1-4036-A682-A8C70FF9DFA8}.Debug|Any CPU.ActiveCfg = Debug|Any CPU
		{7DDA9955-43B1-4036-A682-A8C70FF9DFA8}.Debug|Any CPU.Build.0 = Debug|Any CPU
		{7DDA9955-43B1-4036-A682-A8C70FF9DFA8}.Release|Any CPU.ActiveCfg = Release|Any CPU
		{7DDA9955-43B1-4036-A682-A8C70FF9DFA8}.Release|Any CPU.Build.0 = Release|Any CPU
	EndGlobalSection
	GlobalSection(SolutionProperties) = preSolution
		HideSolutionNode = FALSE
	EndGlobalSection
	GlobalSection(ExtensibilityGlobals) = postSolution
		SolutionGuid = {ED982A43-4F51-4D6D-A419-BBBED83A7CA4}
	EndGlobalSection
EndGlobal
