
Microsoft Visual Studio Solution File, Format Version 12.00
# Visual Studio Version 17
VisualStudioVersion = 17.9.34728.123
MinimumVisualStudioVersion = 10.0.40219.1
Project("{FAE04EC0-301F-11D3-BF4B-00C04F79EFBC}") = "1sashinao davaleba", "1sashinao davaleba\1sashinao davaleba.csproj", "{A99C00D2-38BF-459C-8A65-1E62DE9D7B20}"
EndProject
Global
	GlobalSection(SolutionConfigurationPlatforms) = preSolution
		Debug|Any CPU = Debug|Any CPU
		Release|Any CPU = Release|Any CPU
	EndGlobalSection
	GlobalSection(ProjectConfigurationPlatforms) = postSolution
		{A99C00D2-38BF-459C-8A65-1E62DE9D7B20}.Debug|Any CPU.ActiveCfg = Debug|Any CPU
		{A99C00D2-38BF-459C-8A65-1E62DE9D7B20}.Debug|Any CPU.Build.0 = Debug|Any CPU
		{A99C00D2-38BF-459C-8A65-1E62DE9D7B20}.Release|Any CPU.ActiveCfg = Release|Any CPU
		{A99C00D2-38BF-459C-8A65-1E62DE9D7B20}.Release|Any CPU.Build.0 = Release|Any CPU
	EndGlobalSection
	GlobalSection(SolutionProperties) = preSolution
		HideSolutionNode = FALSE
	EndGlobalSection
	GlobalSection(ExtensibilityGlobals) = postSolution
		SolutionGuid = {629C2BD1-267B-48EE-8E3A-22452EF2F08C}
	EndGlobalSection
EndGlobal
