
Microsoft Visual Studio Solution File, Format Version 12.00
# Visual Studio Version 17
VisualStudioVersion = 17.9.34728.123
MinimumVisualStudioVersion = 10.0.40219.1
Project("{FAE04EC0-301F-11D3-BF4B-00C04F79EFBC}") = "anoterhomework", "anoterhomework\anoterhomework.csproj", "{D2AE883C-0CD4-4375-807E-C3BEDA9E3FC2}"
EndProject
Global
	GlobalSection(SolutionConfigurationPlatforms) = preSolution
		Debug|Any CPU = Debug|Any CPU
		Release|Any CPU = Release|Any CPU
	EndGlobalSection
	GlobalSection(ProjectConfigurationPlatforms) = postSolution
		{D2AE883C-0CD4-4375-807E-C3BEDA9E3FC2}.Debug|Any CPU.ActiveCfg = Debug|Any CPU
		{D2AE883C-0CD4-4375-807E-C3BEDA9E3FC2}.Debug|Any CPU.Build.0 = Debug|Any CPU
		{D2AE883C-0CD4-4375-807E-C3BEDA9E3FC2}.Release|Any CPU.ActiveCfg = Release|Any CPU
		{D2AE883C-0CD4-4375-807E-C3BEDA9E3FC2}.Release|Any CPU.Build.0 = Release|Any CPU
	EndGlobalSection
	GlobalSection(SolutionProperties) = preSolution
		HideSolutionNode = FALSE
	EndGlobalSection
	GlobalSection(ExtensibilityGlobals) = postSolution
		SolutionGuid = {AAD671C1-A37A-4337-8DD2-8FDB5BA0F1B7}
	EndGlobalSection
EndGlobal
