
Microsoft Visual Studio Solution File, Format Version 12.00
# Visual Studio Version 17
VisualStudioVersion = 17.9.34728.123
MinimumVisualStudioVersion = 10.0.40219.1
Project("{FAE04EC0-301F-11D3-BF4B-00C04F79EFBC}") = "homeworkMain", "homeworkMain\homeworkMain.csproj", "{FD9A788F-7AE0-4AD0-997B-EA2A73DB346E}"
EndProject
Global
	GlobalSection(SolutionConfigurationPlatforms) = preSolution
		Debug|Any CPU = Debug|Any CPU
		Release|Any CPU = Release|Any CPU
	EndGlobalSection
	GlobalSection(ProjectConfigurationPlatforms) = postSolution
		{FD9A788F-7AE0-4AD0-997B-EA2A73DB346E}.Debug|Any CPU.ActiveCfg = Debug|Any CPU
		{FD9A788F-7AE0-4AD0-997B-EA2A73DB346E}.Debug|Any CPU.Build.0 = Debug|Any CPU
		{FD9A788F-7AE0-4AD0-997B-EA2A73DB346E}.Release|Any CPU.ActiveCfg = Release|Any CPU
		{FD9A788F-7AE0-4AD0-997B-EA2A73DB346E}.Release|Any CPU.Build.0 = Release|Any CPU
	EndGlobalSection
	GlobalSection(SolutionProperties) = preSolution
		HideSolutionNode = FALSE
	EndGlobalSection
	GlobalSection(ExtensibilityGlobals) = postSolution
		SolutionGuid = {218FD278-CC0A-4CAF-B8C4-DE6AD14F74AF}
	EndGlobalSection
EndGlobal
