
Microsoft Visual Studio Solution File, Format Version 12.00
# Visual Studio Version 17
VisualStudioVersion = 17.9.34728.123
MinimumVisualStudioVersion = 10.0.40219.1
Project("{FAE04EC0-301F-11D3-BF4B-00C04F79EFBC}") = "sashinao 2", "sashinao 2\sashinao 2.csproj", "{BB111C28-4F21-4729-8A5A-76B9971E1DBF}"
EndProject
Global
	GlobalSection(SolutionConfigurationPlatforms) = preSolution
		Debug|Any CPU = Debug|Any CPU
		Release|Any CPU = Release|Any CPU
	EndGlobalSection
	GlobalSection(ProjectConfigurationPlatforms) = postSolution
		{BB111C28-4F21-4729-8A5A-76B9971E1DBF}.Debug|Any CPU.ActiveCfg = Debug|Any CPU
		{BB111C28-4F21-4729-8A5A-76B9971E1DBF}.Debug|Any CPU.Build.0 = Debug|Any CPU
		{BB111C28-4F21-4729-8A5A-76B9971E1DBF}.Release|Any CPU.ActiveCfg = Release|Any CPU
		{BB111C28-4F21-4729-8A5A-76B9971E1DBF}.Release|Any CPU.Build.0 = Release|Any CPU
	EndGlobalSection
	GlobalSection(SolutionProperties) = preSolution
		HideSolutionNode = FALSE
	EndGlobalSection
	GlobalSection(ExtensibilityGlobals) = postSolution
		SolutionGuid = {BAF2631A-54D8-4346-BC17-4D50DA0D2A1C}
	EndGlobalSection
EndGlobal
